<?xml version="1.0" encoding="utf-8"?>
<Project ToolsVersion="4.0" xmlns="http://schemas.microsoft.com/developer/msbuild/2003">
  <ItemGroup>
    <Filter Include="_Headers">
      <UniqueIdentifier>{b34314d8-4c9f-4a7d-ae48-f2f5e3d783b6}</UniqueIdentifier>
    </Filter>
    <Filter Include="_Lib">
      <UniqueIdentifier>{983490c7-8486-4c78-9811-71ef005a4f66}</UniqueIdentifier>
    </Filter>
    <Filter Include="Object">
      <UniqueIdentifier>{6184ff92-eb86-428b-9fe1-e5be0f435051}</UniqueIdentifier>
    </Filter>
    <Filter Include="Scene">
      <UniqueIdentifier>{55c39021-3e14-4fe5-b27f-afb1cab2184c}</UniqueIdentifier>
    </Filter>
    <Filter Include="System">
      <UniqueIdentifier>{7ef1090e-edce-45d6-bd4f-d877a352c62e}</UniqueIdentifier>
    </Filter>
    <Filter Include="System\シーン管理">
      <UniqueIdentifier>{4636684e-9d17-4c2d-ae2d-a0df50f08526}</UniqueIdentifier>
    </Filter>
    <Filter Include="System\環境">
      <UniqueIdentifier>{c51ef0cb-af01-4cdf-9fa5-3ca628d4c164}</UniqueIdentifier>
    </Filter>
    <Filter Include="System\インターフェイス">
      <UniqueIdentifier>{a338acd8-7361-4868-a47d-f53419e35d4c}</UniqueIdentifier>
    </Filter>
    <Filter Include="Object\プレイヤー">
      <UniqueIdentifier>{9128190d-f258-4bd4-a939-49725015783d}</UniqueIdentifier>
    </Filter>
    <Filter Include="Object\敵">
      <UniqueIdentifier>{54464654-8081-4031-961e-0999c1ae03ef}</UniqueIdentifier>
    </Filter>
    <Filter Include="System\環境\リソース管理">
      <UniqueIdentifier>{48667604-4e77-4f1e-9ab3-47dd99cd1a79}</UniqueIdentifier>
    </Filter>
  </ItemGroup>
  <ItemGroup>
    <ClInclude Include="src\lib\appEnv.hpp">
      <Filter>_Headers</Filter>
    </ClInclude>
    <ClInclude Include="src\lib\audio.hpp">
      <Filter>_Headers</Filter>
    </ClInclude>
    <ClInclude Include="src\lib\camera2D.hpp">
      <Filter>_Headers</Filter>
    </ClInclude>
    <ClInclude Include="src\lib\defines.hpp">
      <Filter>_Headers</Filter>
    </ClInclude>
    <ClInclude Include="src\lib\fileUtil.hpp">
      <Filter>_Headers</Filter>
    </ClInclude>
    <ClInclude Include="src\lib\font.hpp">
      <Filter>_Headers</Filter>
    </ClInclude>
    <ClInclude Include="src\lib\framework.hpp">
      <Filter>_Headers</Filter>
    </ClInclude>
    <ClInclude Include="src\lib\gamePad.hpp">
      <Filter>_Headers</Filter>
    </ClInclude>
    <ClInclude Include="src\lib\glExt.hpp">
      <Filter>_Headers</Filter>
    </ClInclude>
    <ClInclude Include="src\lib\glfwWindow.hpp">
      <Filter>_Headers</Filter>
    </ClInclude>
    <ClInclude Include="src\lib\glTexture.hpp">
      <Filter>_Headers</Filter>
    </ClInclude>
    <ClInclude Include="src\lib\graph.hpp">
      <Filter>_Headers</Filter>
    </ClInclude>
    <ClInclude Include="src\lib\matrix.hpp">
      <Filter>_Headers</Filter>
    </ClInclude>
    <ClInclude Include="src\lib\os.hpp">
      <Filter>_Headers</Filter>
    </ClInclude>
    <ClInclude Include="src\lib\os_osx.hpp">
      <Filter>_Headers</Filter>
    </ClInclude>
    <ClInclude Include="src\lib\os_win.hpp">
      <Filter>_Headers</Filter>
    </ClInclude>
    <ClInclude Include="src\lib\png.hpp">
      <Filter>_Headers</Filter>
    </ClInclude>
    <ClInclude Include="src\lib\random.hpp">
      <Filter>_Headers</Filter>
    </ClInclude>
    <ClInclude Include="src\lib\streaming.hpp">
      <Filter>_Headers</Filter>
    </ClInclude>
    <ClInclude Include="src\lib\streamWav.hpp">
      <Filter>_Headers</Filter>
    </ClInclude>
    <ClInclude Include="src\lib\texture.hpp">
      <Filter>_Headers</Filter>
    </ClInclude>
    <ClInclude Include="src\lib\utils.hpp">
      <Filter>_Headers</Filter>
    </ClInclude>
    <ClInclude Include="src\lib\vector.hpp">
      <Filter>_Headers</Filter>
    </ClInclude>
    <ClInclude Include="src\lib\wav.hpp">
      <Filter>_Headers</Filter>
    </ClInclude>
    <ClInclude Include="src\Origin\common.h" />
    <ClInclude Include="src\Origin\Object\object_interface.h">
      <Filter>Object</Filter>
    </ClInclude>
    <ClInclude Include="src\Origin\System\environment.h">
      <Filter>System\環境</Filter>
    </ClInclude>
    <ClInclude Include="src\Origin\System\scene_manager.h">
      <Filter>System\シーン管理</Filter>
    </ClInclude>
    <ClInclude Include="src\Origin\System\resource.h">
      <Filter>System\環境\リソース管理</Filter>
    </ClInclude>
    <ClInclude Include="src\Origin\Scene\test_enemy.h">
      <Filter>Scene</Filter>
    </ClInclude>
    <ClInclude Include="src\Origin\Scene\test_player.h">
      <Filter>Scene</Filter>
    </ClInclude>
    <ClInclude Include="src\Origin\Scene\test_interface.h">
      <Filter>Scene</Filter>
    </ClInclude>
    <ClInclude Include="src\Origin\System\game_player.hpp">
      <Filter>System\シーン管理</Filter>
    </ClInclude>
    <ClInclude Include="src\Origin\Scene\title.h">
      <Filter>Scene</Filter>
    </ClInclude>
    <ClInclude Include="src\Origin\Scene\scene.hpp">
      <Filter>Scene</Filter>
    </ClInclude>
    <ClInclude Include="src\Origin\System\gadget.h">
      <Filter>System\インターフェイス</Filter>
    </ClInclude>
    <ClInclude Include="src\Origin\Object\object.hpp">
      <Filter>Object</Filter>
    </ClInclude>
    <ClInclude Include="src\Origin\Object\Player\player.h">
      <Filter>Object\プレイヤー</Filter>
    </ClInclude>
    <ClInclude Include="src\Origin\Object\Player\player_jump.h">
      <Filter>Object\プレイヤー</Filter>
    </ClInclude>
    <ClInclude Include="src\Origin\Object\Player\player_move.h">
      <Filter>Object\プレイヤー</Filter>
    </ClInclude>
    <ClInclude Include="src\Origin\Object\Enemy\enemy.h">
      <Filter>Object\敵</Filter>
    </ClInclude>
    <ClInclude Include="src\Origin\Object\Enemy\enemy_faint.h">
      <Filter>Object\敵</Filter>
    </ClInclude>
    <ClInclude Include="src\Origin\Object\Enemy\enemy_gravity.h">
      <Filter>Object\敵</Filter>
    </ClInclude>
    <ClInclude Include="src\Origin\Object\Enemy\enemy_life.h">
      <Filter>Object\敵</Filter>
    </ClInclude>
    <ClInclude Include="src\Origin\Object\Enemy\enemy_move.h">
      <Filter>Object\敵</Filter>
    </ClInclude>
    <ClInclude Include="src\Origin\Object\Enemy\enemy_type.h">
      <Filter>Object\敵</Filter>
    </ClInclude>
    <ClInclude Include="src\Origin\Object\collision.h">
      <Filter>Object</Filter>
    </ClInclude>
  </ItemGroup>
  <ItemGroup>
    <ClCompile Include="src\lib\appEnv.cpp">
      <Filter>_Lib</Filter>
    </ClCompile>
    <ClCompile Include="src\lib\audio.cpp">
      <Filter>_Lib</Filter>
    </ClCompile>
    <ClCompile Include="src\lib\camera2D.cpp">
      <Filter>_Lib</Filter>
    </ClCompile>
    <ClCompile Include="src\lib\fileUtil.cpp">
      <Filter>_Lib</Filter>
    </ClCompile>
    <ClCompile Include="src\lib\font.cpp">
      <Filter>_Lib</Filter>
    </ClCompile>
    <ClCompile Include="src\lib\gamePad.cpp">
      <Filter>_Lib</Filter>
    </ClCompile>
    <ClCompile Include="src\lib\glExt.cpp">
      <Filter>_Lib</Filter>
    </ClCompile>
    <ClCompile Include="src\lib\glfwWindow.cpp">
      <Filter>_Lib</Filter>
    </ClCompile>
    <ClCompile Include="src\lib\glTexture.cpp">
      <Filter>_Lib</Filter>
    </ClCompile>
    <ClCompile Include="src\lib\graph.cpp">
      <Filter>_Lib</Filter>
    </ClCompile>
    <ClCompile Include="src\lib\matrix.cpp">
      <Filter>_Lib</Filter>
    </ClCompile>
    <ClCompile Include="src\lib\os_osx.cpp">
      <Filter>_Lib</Filter>
    </ClCompile>
    <ClCompile Include="src\lib\os_win.cpp">
      <Filter>_Lib</Filter>
    </ClCompile>
    <ClCompile Include="src\lib\png.cpp">
      <Filter>_Lib</Filter>
    </ClCompile>
    <ClCompile Include="src\lib\random.cpp">
      <Filter>_Lib</Filter>
    </ClCompile>
    <ClCompile Include="src\lib\streaming.cpp">
      <Filter>_Lib</Filter>
    </ClCompile>
    <ClCompile Include="src\lib\streamWav.cpp">
      <Filter>_Lib</Filter>
    </ClCompile>
    <ClCompile Include="src\lib\texture.cpp">
      <Filter>_Lib</Filter>
    </ClCompile>
    <ClCompile Include="src\lib\utils.cpp">
      <Filter>_Lib</Filter>
    </ClCompile>
    <ClCompile Include="src\lib\wav.cpp">
      <Filter>_Lib</Filter>
    </ClCompile>
    <ClCompile Include="src\Origin\main.cpp" />
    <ClCompile Include="src\Origin\Object\object_interface.cpp">
      <Filter>Object</Filter>
    </ClCompile>
    <ClCompile Include="src\Origin\System\environment.cpp">
      <Filter>System\環境</Filter>
    </ClCompile>
    <ClCompile Include="src\Origin\System\scene_manager.cpp">
      <Filter>System\シーン管理</Filter>
    </ClCompile>
    <ClCompile Include="src\Origin\System\resource.cpp">
      <Filter>System\環境\リソース管理</Filter>
    </ClCompile>
    <ClCompile Include="src\Origin\Scene\test_enemy.cpp">
      <Filter>Scene</Filter>
    </ClCompile>
    <ClCompile Include="src\Origin\Scene\test_player.cpp">
      <Filter>Scene</Filter>
    </ClCompile>
    <ClCompile Include="src\Origin\Scene\test_interface.cpp">
      <Filter>Scene</Filter>
    </ClCompile>
    <ClCompile Include="src\Origin\Scene\title.cpp">
      <Filter>Scene</Filter>
    </ClCompile>
    <ClCompile Include="src\Origin\System\gadget.cpp">
      <Filter>System\インターフェイス</Filter>
    </ClCompile>
    <ClCompile Include="src\Origin\Object\Player\player.cpp">
      <Filter>Object\プレイヤー</Filter>
    </ClCompile>
    <ClCompile Include="src\Origin\Object\Player\player_jump.cpp">
      <Filter>Object\プレイヤー</Filter>
    </ClCompile>
    <ClCompile Include="src\Origin\Object\Player\player_move.cpp">
      <Filter>Object\プレイヤー</Filter>
    </ClCompile>
    <ClCompile Include="src\Origin\Object\Enemy\enemy.cpp">
      <Filter>Object\敵</Filter>
    </ClCompile>
    <ClCompile Include="src\Origin\Object\Enemy\enemy_faint.cpp">
      <Filter>Object\敵</Filter>
    </ClCompile>
    <ClCompile Include="src\Origin\Object\Enemy\enemy_gravity.cpp">
      <Filter>Object\敵</Filter>
    </ClCompile>
    <ClCompile Include="src\Origin\Object\Enemy\enemy_life.cpp">
      <Filter>Object\敵</Filter>
    </ClCompile>
    <ClCompile Include="src\Origin\Object\Enemy\enemy_type.cpp">
      <Filter>Object\敵</Filter>
    </ClCompile>
    <ClCompile Include="src\Origin\Object\collision.cpp">
      <Filter>Object</Filter>
    </ClCompile>
    <ClCompile Include="src\Origin\Object\Enemy\enemy_move.cpp">
      <Filter>Object\敵</Filter>
    </ClCompile>
  </ItemGroup>
</Project>